
Microsoft Visual Studio Solution File, Format Version 12.00
# Visual Studio Version 17
VisualStudioVersion = 17.0.32112.339
MinimumVisualStudioVersion = 10.0.40219.1
Project("{9A19103F-16F7-4668-BE54-9A1E7A4F7556}") = "Localisation.API", "Localisation.API\Localisation.API.csproj", "{608CED6D-3CE0-48FE-AFCE-0EB400B85F09}"
EndProject
Project("{2150E333-8FDC-42A3-9474-1A3956D46DE8}") = "Services", "Services", "{F14AE497-E63C-4912-80B6-143EB982054C}"
EndProject
Project("{2150E333-8FDC-42A3-9474-1A3956D46DE8}") = "LocalisationAPI", "LocalisationAPI", "{F922F1AE-AA5E-4CE5-8018-5707B303380F}"
EndProject
Project("{E53339B2-1760-4266-BCC7-CA923CBCF16C}") = "docker-compose", "docker-compose.dcproj", "{A1355ACA-527D-412D-A7F9-27D7F4273E44}"
EndProject
Project("{2150E333-8FDC-42A3-9474-1A3956D46DE8}") = "ApiGw-Base", "ApiGw-Base", "{ECA8225B-551D-416E-AF67-06F7786FEF85}"
EndProject
Project("{9A19103F-16F7-4668-BE54-9A1E7A4F7556}") = "OcelotApiGw", "OcelotApiGw\OcelotApiGw.csproj", "{257744FB-23D3-485D-B13F-91BF86F1674A}"
EndProject
Project("{9A19103F-16F7-4668-BE54-9A1E7A4F7556}") = "WebClient.Server", "WebClient\Server\WebClient.Server.csproj", "{882EAB3A-D445-41DA-B95E-6F7669F4C300}"
EndProject
Project("{9A19103F-16F7-4668-BE54-9A1E7A4F7556}") = "WebClient.Client", "WebClient\Client\WebClient.Client.csproj", "{C8A673B1-35D1-44FB-B158-B4102B3A2C48}"
EndProject
Project("{9A19103F-16F7-4668-BE54-9A1E7A4F7556}") = "WebClient.Shared", "WebClient\Shared\WebClient.Shared.csproj", "{C22FF8A9-3170-4841-976A-15C6E87262E2}"
EndProject
Project("{2150E333-8FDC-42A3-9474-1A3956D46DE8}") = "WebClient", "WebClient", "{8F83FB5C-D976-44CD-AA02-37D7B607A83B}"
EndProject
Project("{2150E333-8FDC-42A3-9474-1A3956D46DE8}") = "Tests", "Tests", "{5BAC4AD0-0583-4E81-B037-1DD7F9A0FE0E}"
EndProject
Project("{2150E333-8FDC-42A3-9474-1A3956D46DE8}") = "UnitTests", "UnitTests", "{2D1A6AE8-3149-4B9C-9196-A4CF26BA4C6E}"
EndProject
Project("{9A19103F-16F7-4668-BE54-9A1E7A4F7556}") = "UnitTests", "Tests\UnitTests\UnitTests\UnitTests.csproj", "{FC61D542-4333-4FEA-86CE-AA047CB05A2C}"
EndProject
Project("{2150E333-8FDC-42A3-9474-1A3956D46DE8}") = "EmailSender", "EmailSender", "{391FFB36-3198-485D-BBB5-03801C3E2CFB}"
EndProject
Project("{9A19103F-16F7-4668-BE54-9A1E7A4F7556}") = "EmailSender", "EmailSender\EmailSender.csproj", "{F6D7C632-AFDC-46FD-B94A-B3E96869D110}"
EndProject
Project("{2150E333-8FDC-42A3-9474-1A3956D46DE8}") = "Scheduler", "Scheduler", "{5C46A6BE-E459-4A69-B3BD-0EB5D4266D89}"
EndProject
Project("{FAE04EC0-301F-11D3-BF4B-00C04F79EFBC}") = "Scheduler", "Scheduler\Scheduler.csproj", "{2038186F-308B-4FC5-AAC6-CC04507DE961}"
EndProject
Global
	GlobalSection(SolutionConfigurationPlatforms) = preSolution
		Debug|Any CPU = Debug|Any CPU
		Release|Any CPU = Release|Any CPU
	EndGlobalSection
	GlobalSection(ProjectConfigurationPlatforms) = postSolution
		{608CED6D-3CE0-48FE-AFCE-0EB400B85F09}.Debug|Any CPU.ActiveCfg = Debug|Any CPU
		{608CED6D-3CE0-48FE-AFCE-0EB400B85F09}.Debug|Any CPU.Build.0 = Debug|Any CPU
		{608CED6D-3CE0-48FE-AFCE-0EB400B85F09}.Release|Any CPU.ActiveCfg = Release|Any CPU
		{608CED6D-3CE0-48FE-AFCE-0EB400B85F09}.Release|Any CPU.Build.0 = Release|Any CPU
		{A1355ACA-527D-412D-A7F9-27D7F4273E44}.Debug|Any CPU.ActiveCfg = Debug|Any CPU
		{A1355ACA-527D-412D-A7F9-27D7F4273E44}.Debug|Any CPU.Build.0 = Debug|Any CPU
		{A1355ACA-527D-412D-A7F9-27D7F4273E44}.Release|Any CPU.ActiveCfg = Release|Any CPU
		{A1355ACA-527D-412D-A7F9-27D7F4273E44}.Release|Any CPU.Build.0 = Release|Any CPU
		{257744FB-23D3-485D-B13F-91BF86F1674A}.Debug|Any CPU.ActiveCfg = Debug|Any CPU
		{257744FB-23D3-485D-B13F-91BF86F1674A}.Debug|Any CPU.Build.0 = Debug|Any CPU
		{257744FB-23D3-485D-B13F-91BF86F1674A}.Release|Any CPU.ActiveCfg = Release|Any CPU
		{257744FB-23D3-485D-B13F-91BF86F1674A}.Release|Any CPU.Build.0 = Release|Any CPU
		{882EAB3A-D445-41DA-B95E-6F7669F4C300}.Debug|Any CPU.ActiveCfg = Debug|Any CPU
		{882EAB3A-D445-41DA-B95E-6F7669F4C300}.Debug|Any CPU.Build.0 = Debug|Any CPU
		{882EAB3A-D445-41DA-B95E-6F7669F4C300}.Release|Any CPU.ActiveCfg = Release|Any CPU
		{882EAB3A-D445-41DA-B95E-6F7669F4C300}.Release|Any CPU.Build.0 = Release|Any CPU
		{C8A673B1-35D1-44FB-B158-B4102B3A2C48}.Debug|Any CPU.ActiveCfg = Debug|Any CPU
		{C8A673B1-35D1-44FB-B158-B4102B3A2C48}.Debug|Any CPU.Build.0 = Debug|Any CPU
		{C8A673B1-35D1-44FB-B158-B4102B3A2C48}.Release|Any CPU.ActiveCfg = Release|Any CPU
		{C8A673B1-35D1-44FB-B158-B4102B3A2C48}.Release|Any CPU.Build.0 = Release|Any CPU
		{C22FF8A9-3170-4841-976A-15C6E87262E2}.Debug|Any CPU.ActiveCfg = Debug|Any CPU
		{C22FF8A9-3170-4841-976A-15C6E87262E2}.Debug|Any CPU.Build.0 = Debug|Any CPU
		{C22FF8A9-3170-4841-976A-15C6E87262E2}.Release|Any CPU.ActiveCfg = Release|Any CPU
		{C22FF8A9-3170-4841-976A-15C6E87262E2}.Release|Any CPU.Build.0 = Release|Any CPU
		{FC61D542-4333-4FEA-86CE-AA047CB05A2C}.Debug|Any CPU.ActiveCfg = Debug|Any CPU
		{FC61D542-4333-4FEA-86CE-AA047CB05A2C}.Debug|Any CPU.Build.0 = Debug|Any CPU
		{FC61D542-4333-4FEA-86CE-AA047CB05A2C}.Release|Any CPU.ActiveCfg = Release|Any CPU
		{FC61D542-4333-4FEA-86CE-AA047CB05A2C}.Release|Any CPU.Build.0 = Release|Any CPU
		{F6D7C632-AFDC-46FD-B94A-B3E96869D110}.Debug|Any CPU.ActiveCfg = Debug|Any CPU
		{F6D7C632-AFDC-46FD-B94A-B3E96869D110}.Debug|Any CPU.Build.0 = Debug|Any CPU
		{F6D7C632-AFDC-46FD-B94A-B3E96869D110}.Release|Any CPU.ActiveCfg = Release|Any CPU
		{F6D7C632-AFDC-46FD-B94A-B3E96869D110}.Release|Any CPU.Build.0 = Release|Any CPU
		{2038186F-308B-4FC5-AAC6-CC04507DE961}.Debug|Any CPU.ActiveCfg = Debug|Any CPU
		{2038186F-308B-4FC5-AAC6-CC04507DE961}.Debug|Any CPU.Build.0 = Debug|Any CPU
		{2038186F-308B-4FC5-AAC6-CC04507DE961}.Release|Any CPU.ActiveCfg = Release|Any CPU
		{2038186F-308B-4FC5-AAC6-CC04507DE961}.Release|Any CPU.Build.0 = Release|Any CPU
	EndGlobalSection
	GlobalSection(SolutionProperties) = preSolution
		HideSolutionNode = FALSE
	EndGlobalSection
	GlobalSection(NestedProjects) = preSolution
		{608CED6D-3CE0-48FE-AFCE-0EB400B85F09} = {F922F1AE-AA5E-4CE5-8018-5707B303380F}
		{F922F1AE-AA5E-4CE5-8018-5707B303380F} = {F14AE497-E63C-4912-80B6-143EB982054C}
		{ECA8225B-551D-416E-AF67-06F7786FEF85} = {F14AE497-E63C-4912-80B6-143EB982054C}
		{257744FB-23D3-485D-B13F-91BF86F1674A} = {ECA8225B-551D-416E-AF67-06F7786FEF85}
		{882EAB3A-D445-41DA-B95E-6F7669F4C300} = {8F83FB5C-D976-44CD-AA02-37D7B607A83B}
		{C8A673B1-35D1-44FB-B158-B4102B3A2C48} = {8F83FB5C-D976-44CD-AA02-37D7B607A83B}
		{C22FF8A9-3170-4841-976A-15C6E87262E2} = {8F83FB5C-D976-44CD-AA02-37D7B607A83B}
		{2D1A6AE8-3149-4B9C-9196-A4CF26BA4C6E} = {5BAC4AD0-0583-4E81-B037-1DD7F9A0FE0E}
		{FC61D542-4333-4FEA-86CE-AA047CB05A2C} = {2D1A6AE8-3149-4B9C-9196-A4CF26BA4C6E}
		{391FFB36-3198-485D-BBB5-03801C3E2CFB} = {F14AE497-E63C-4912-80B6-143EB982054C}
		{F6D7C632-AFDC-46FD-B94A-B3E96869D110} = {391FFB36-3198-485D-BBB5-03801C3E2CFB}
		{5C46A6BE-E459-4A69-B3BD-0EB5D4266D89} = {F14AE497-E63C-4912-80B6-143EB982054C}
		{2038186F-308B-4FC5-AAC6-CC04507DE961} = {5C46A6BE-E459-4A69-B3BD-0EB5D4266D89}
	EndGlobalSection
	GlobalSection(ExtensibilityGlobals) = postSolution
		SolutionGuid = {4F275B2C-A300-4C93-AB32-47A5F3681F82}
	EndGlobalSection
EndGlobal
